
Microsoft Visual Studio Solution File, Format Version 12.00
# Visual Studio Version 17
VisualStudioVersion = 17.5.33516.290
MinimumVisualStudioVersion = 10.0.40219.1
Project("{9A19103F-16F7-4668-BE54-9A1E7A4F7556}") = "TheDroneMaster", "TheDroneMaster\TheDroneMaster.csproj", "{453BEF76-86C7-4F9A-B4DB-426BFE78690C}"
EndProject
Project("{2150E333-8FDC-42A3-9474-1A3956D46DE8}") = "Solution Items", "Solution Items", "{4EB52155-CB87-4A4F-A76D-5F37C41691C8}"
	ProjectSection(SolutionItems) = preProject
		.editorconfig = .editorconfig
	EndProjectSection
EndProject
Global
	GlobalSection(SolutionConfigurationPlatforms) = preSolution
		Debug|Any CPU = Debug|Any CPU
		Release|Any CPU = Release|Any CPU
	EndGlobalSection
	GlobalSection(ProjectConfigurationPlatforms) = postSolution
		{453BEF76-86C7-4F9A-B4DB-426BFE78690C}.Debug|Any CPU.ActiveCfg = Debug|Any CPU
		{453BEF76-86C7-4F9A-B4DB-426BFE78690C}.Debug|Any CPU.Build.0 = Debug|Any CPU
		{453BEF76-86C7-4F9A-B4DB-426BFE78690C}.Release|Any CPU.ActiveCfg = Release|Any CPU
		{453BEF76-86C7-4F9A-B4DB-426BFE78690C}.Release|Any CPU.Build.0 = Release|Any CPU
	EndGlobalSection
	GlobalSection(SolutionProperties) = preSolution
		HideSolutionNode = FALSE
	EndGlobalSection
	GlobalSection(ExtensibilityGlobals) = postSolution
		SolutionGuid = {587DEE44-9567-4214-9F3A-600A82904350}
	EndGlobalSection
EndGlobal
