
Microsoft Visual Studio Solution File, Format Version 12.00
# Visual Studio Version 16
VisualStudioVersion = 16.0.32510.428
MinimumVisualStudioVersion = 10.0.40219.1
Project("{FAE04EC0-301F-11D3-BF4B-00C04F79EFBC}") = "TheDroneMaster", "TheDroneMaster\TheDroneMaster.csproj", "{453BEF76-86C7-4F9A-B4DB-426BFE78690C}"
EndProject
Global
	GlobalSection(SolutionConfigurationPlatforms) = preSolution
		Debug|Any CPU = Debug|Any CPU
		Release|Any CPU = Release|Any CPU
	EndGlobalSection
	GlobalSection(ProjectConfigurationPlatforms) = postSolution
		{453BEF76-86C7-4F9A-B4DB-426BFE78690C}.Debug|Any CPU.ActiveCfg = Debug|Any CPU
		{453BEF76-86C7-4F9A-B4DB-426BFE78690C}.Debug|Any CPU.Build.0 = Debug|Any CPU
		{453BEF76-86C7-4F9A-B4DB-426BFE78690C}.Release|Any CPU.ActiveCfg = Release|Any CPU
		{453BEF76-86C7-4F9A-B4DB-426BFE78690C}.Release|Any CPU.Build.0 = Release|Any CPU
	EndGlobalSection
	GlobalSection(SolutionProperties) = preSolution
		HideSolutionNode = FALSE
	EndGlobalSection
	GlobalSection(ExtensibilityGlobals) = postSolution
		SolutionGuid = {587DEE44-9567-4214-9F3A-600A82904350}
	EndGlobalSection
EndGlobal
